{
  "name": "jsreasoner",
  "version": "0.0.1",
  "lockfileVersion": 1,
  "requires": true,
  "dependencies": {
    "lodash": {
      "version": "4.15.0",
      "resolved": "https://registry.npmjs.org/lodash/-/lodash-4.15.0.tgz",
      "integrity": "sha1-MWI5HY8BQKoiz49rPDTWt/Y9Oqk="
    },
    "n3-parser.js": {
      "version": "0.1.0",
      "resolved": "https://registry.npmjs.org/n3-parser.js/-/n3-parser.js-0.1.0.tgz",
      "integrity": "sha512-/HLXu5Ui7+xUT7g5YeybdhvGQEMuzTEWAicsDTQApV2DeX+Cca2ftSQRDCsSMOzj3y+jdnYAb551Jt/wEcMOrg==",
      "requires": {
        "lodash": "4.15.0",
        "node-uuid": "https://registry.npmjs.org/node-uuid/-/node-uuid-1.4.7.tgz"
      }
    },
    "node-uuid": {
      "version": "https://registry.npmjs.org/node-uuid/-/node-uuid-1.4.7.tgz",
      "integrity": "sha1-baWhdmjEs91ZYjvaEc9/pMH2Cm8="
    }
  }
}
